Microsoft Visual Studio Solution File, Format Version 12.00
# Visual Studio Version 16
VisualStudioVersion = 16.0.31205.134
MinimumVisualStudioVersion = 10.0.40219.1
Project("{8BC9CEB8-8B4A-11D0-8D11-00A0C91BC942}") = "NullableAttribute4CppCliUsage", "NullableAttribute4CppCliUsage\NullableAttribute4CppCliUsage.vcxproj", "{7B6A851B-614F-4AFF-9097-78625046CC72}"
EndProject
Project("{2150E333-8FDC-42A3-9474-1A3956D46DE8}") = "Solution Items", "Solution Items", "{EDCFCA99-207A-4E24-8482-548B26B84D18}"
	ProjectSection(SolutionItems) = preProject
		.editorconfig = .editorconfig
		NullableAttribute4CppCli.h = NullableAttribute4CppCli.h
		Readme.md = Readme.md
	EndProjectSection
EndProject
Project("{FAE04EC0-301F-11D3-BF4B-00C04F79EFBC}") = "NullableAttribute4CppCliProbe", "NullableAttribute4CppCliProbe\NullableAttribute4CppCliProbe.csproj", "{A97E699F-F18E-4323-8E78-A20902E99128}"
EndProject
Global
	GlobalSection(SolutionConfigurationPlatforms) = preSolution
		Debug|x64 = Debug|x64
		Debug|x86 = Debug|x86
		Release|x64 = Release|x64
		Release|x86 = Release|x86
	EndGlobalSection
	GlobalSection(ProjectConfigurationPlatforms) = postSolution
		{7B6A851B-614F-4AFF-9097-78625046CC72}.Debug|x64.ActiveCfg = Debug|x64
		{7B6A851B-614F-4AFF-9097-78625046CC72}.Debug|x64.Build.0 = Debug|x64
		{7B6A851B-614F-4AFF-9097-78625046CC72}.Debug|x86.ActiveCfg = Debug|Win32
		{7B6A851B-614F-4AFF-9097-78625046CC72}.Debug|x86.Build.0 = Debug|Win32
		{7B6A851B-614F-4AFF-9097-78625046CC72}.Release|x64.ActiveCfg = Release|x64
		{7B6A851B-614F-4AFF-9097-78625046CC72}.Release|x64.Build.0 = Release|x64
		{7B6A851B-614F-4AFF-9097-78625046CC72}.Release|x86.ActiveCfg = Release|Win32
		{7B6A851B-614F-4AFF-9097-78625046CC72}.Release|x86.Build.0 = Release|Win32
		{A97E699F-F18E-4323-8E78-A20902E99128}.Debug|x64.ActiveCfg = Debug|x64
		{A97E699F-F18E-4323-8E78-A20902E99128}.Debug|x64.Build.0 = Debug|x64
		{A97E699F-F18E-4323-8E78-A20902E99128}.Debug|x86.ActiveCfg = Debug|x86
		{A97E699F-F18E-4323-8E78-A20902E99128}.Debug|x86.Build.0 = Debug|x86
		{A97E699F-F18E-4323-8E78-A20902E99128}.Release|x64.ActiveCfg = Release|x64
		{A97E699F-F18E-4323-8E78-A20902E99128}.Release|x64.Build.0 = Release|x64
		{A97E699F-F18E-4323-8E78-A20902E99128}.Release|x86.ActiveCfg = Release|x86
		{A97E699F-F18E-4323-8E78-A20902E99128}.Release|x86.Build.0 = Release|x86
	EndGlobalSection
	GlobalSection(SolutionProperties) = preSolution
		HideSolutionNode = FALSE
	EndGlobalSection
	GlobalSection(ExtensibilityGlobals) = postSolution
		SolutionGuid = {F047C6B5-A007-49A0-9B83-6A5333A7989D}
	EndGlobalSection
EndGlobal
